
Microsoft Visual Studio Solution File, Format Version 12.00
# Visual Studio Version 17
VisualStudioVersion = 17.4.33103.184
MinimumVisualStudioVersion = 10.0.40219.1
Project("{FAE04EC0-301F-11D3-BF4B-00C04F79EFBC}") = "EmailDemo", "EmailDemo\EmailDemo.csproj", "{5A9FD400-2893-416D-A714-F8E062730CA8}"
EndProject
Global
	GlobalSection(SolutionConfigurationPlatforms) = preSolution
		Debug|Any CPU = Debug|Any CPU
		Release|Any CPU = Release|Any CPU
	EndGlobalSection
	GlobalSection(ProjectConfigurationPlatforms) = postSolution
		{5A9FD400-2893-416D-A714-F8E062730CA8}.Debug|Any CPU.ActiveCfg = Debug|Any CPU
		{5A9FD400-2893-416D-A714-F8E062730CA8}.Debug|Any CPU.Build.0 = Debug|Any CPU
		{5A9FD400-2893-416D-A714-F8E062730CA8}.Release|Any CPU.ActiveCfg = Release|Any CPU
		{5A9FD400-2893-416D-A714-F8E062730CA8}.Release|Any CPU.Build.0 = Release|Any CPU
	EndGlobalSection
	GlobalSection(SolutionProperties) = preSolution
		HideSolutionNode = FALSE
	EndGlobalSection
	GlobalSection(ExtensibilityGlobals) = postSolution
		SolutionGuid = {91C653B4-BF84-443E-8103-707F51C46767}
	EndGlobalSection
EndGlobal
